{
  "name": "magiz",
  "version": "1.0.0-beta",
  "lockfileVersion": 3,
  "requires": true,
  "packages": {
    "": {
      "name": "magiz",
      "version": "1.0.0-beta",
      "license": "GPL-3.0-or-later",
      "dependencies": {
        "mathjs": "^12.4.2",
        "three": "^0.164.0"
      },
      "devDependencies": {
        "@types/node": "^20.14.11",
        "@types/three": "^0.164.0",
        "esbuild": "0.21.3"
      }
    },
    "node_modules/@babel/runtime": {
      "version": "7.24.8",
      "resolved": "https://registry.npmmirror.com/@babel/runtime/-/runtime-7.24.8.tgz",
      "integrity": "sha512-5F7SDGs1T72ZczbRwbGO9lQi0NLjQxzl6i4lJxLxfW9U5UluCSyEJeniWvnhl3/euNiqQVbo8zruhsDfid0esA==",
      "dependencies": {
        "regenerator-runtime": "^0.14.0"
      },
      "engines": {
        "node": ">=6.9.0"
      }
    },
    "node_modules/@esbuild/aix-ppc64": {
      "version": "0.21.3",
      "resolved": "https://registry.npmmirror.com/@esbuild/aix-ppc64/-/aix-ppc64-0.21.3.tgz",
      "integrity": "sha512-yTgnwQpFVYfvvo4SvRFB0SwrW8YjOxEoT7wfMT7Ol5v7v5LDNvSGo67aExmxOb87nQNeWPVvaGBNfQ7BXcrZ9w==",
      "cpu": [
        "ppc64"
      ],
      "dev": true,
      "optional": true,
      "os": [
        "aix"
      ],
      "engines": {
        "node": ">=12"
      }
    },
    "node_modules/@esbuild/android-arm": {
      "version": "0.21.3",
      "resolved": "https://registry.npmmirror.com/@esbuild/android-arm/-/android-arm-0.21.3.tgz",
      "integrity": "sha512-bviJOLMgurLJtF1/mAoJLxDZDL6oU5/ztMHnJQRejbJrSc9FFu0QoUoFhvi6qSKJEw9y5oGyvr9fuDtzJ30rNQ==",
      "cpu": [
        "arm"
      ],
      "dev": true,
      "optional": true,
      "os": [
        "android"
      ],
      "engines": {
        "node": ">=12"
      }
    },
    "node_modules/@esbuild/android-arm64": {
      "version": "0.21.3",
      "resolved": "https://registry.npmmirror.com/@esbuild/android-arm64/-/android-arm64-0.21.3.tgz",
      "integrity": "sha512-c+ty9necz3zB1Y+d/N+mC6KVVkGUUOcm4ZmT5i/Fk5arOaY3i6CA3P5wo/7+XzV8cb4GrI/Zjp8NuOQ9Lfsosw==",
      "cpu": [
        "arm64"
      ],
      "dev": true,
      "optional": true,
      "os": [
        "android"
      ],
      "engines": {
        "node": ">=12"
      }
    },
    "node_modules/@esbuild/android-x64": {
      "version": "0.21.3",
      "resolved": "https://registry.npmmirror.com/@esbuild/android-x64/-/android-x64-0.21.3.tgz",
      "integrity": "sha512-JReHfYCRK3FVX4Ra+y5EBH1b9e16TV2OxrPAvzMsGeES0X2Ndm9ImQRI4Ket757vhc5XBOuGperw63upesclRw==",
      "cpu": [
        "x64"
      ],
      "dev": true,
      "optional": true,
      "os": [
        "android"
      ],
      "engines": {
        "node": ">=12"
      }
    },
    "node_modules/@esbuild/darwin-arm64": {
      "version": "0.21.3",
      "resolved": "https://registry.npmmirror.com/@esbuild/darwin-arm64/-/darwin-arm64-0.21.3.tgz",
      "integrity": "sha512-U3fuQ0xNiAkXOmQ6w5dKpEvXQRSpHOnbw7gEfHCRXPeTKW9sBzVck6C5Yneb8LfJm0l6le4NQfkNPnWMSlTFUQ==",
      "cpu": [
        "arm64"
      ],
      "dev": true,
      "optional": true,
      "os": [
        "darwin"
      ],
      "engines": {
        "node": ">=12"
      }
    },
    "node_modules/@esbuild/darwin-x64": {
      "version": "0.21.3",
      "resolved": "https://registry.npmmirror.com/@esbuild/darwin-x64/-/darwin-x64-0.21.3.tgz",
      "integrity": "sha512-3m1CEB7F07s19wmaMNI2KANLcnaqryJxO1fXHUV5j1rWn+wMxdUYoPyO2TnAbfRZdi7ADRwJClmOwgT13qlP3Q==",
      "cpu": [
        "x64"
      ],
      "dev": true,
      "optional": true,
      "os": [
        "darwin"
      ],
      "engines": {
        "node": ">=12"
      }
    },
    "node_modules/@esbuild/freebsd-arm64": {
      "version": "0.21.3",
      "resolved": "https://registry.npmmirror.com/@esbuild/freebsd-arm64/-/freebsd-arm64-0.21.3.tgz",
      "integrity": "sha512-fsNAAl5pU6wmKHq91cHWQT0Fz0vtyE1JauMzKotrwqIKAswwP5cpHUCxZNSTuA/JlqtScq20/5KZ+TxQdovU/g==",
      "cpu": [
        "arm64"
      ],
      "dev": true,
      "optional": true,
      "os": [
        "freebsd"
      ],
      "engines": {
        "node": ">=12"
      }
    },
    "node_modules/@esbuild/freebsd-x64": {
      "version": "0.21.3",
      "resolved": "https://registry.npmmirror.com/@esbuild/freebsd-x64/-/freebsd-x64-0.21.3.tgz",
      "integrity": "sha512-tci+UJ4zP5EGF4rp8XlZIdq1q1a/1h9XuronfxTMCNBslpCtmk97Q/5qqy1Mu4zIc0yswN/yP/BLX+NTUC1bXA==",
      "cpu": [
        "x64"
      ],
      "dev": true,
      "optional": true,
      "os": [
        "freebsd"
      ],
      "engines": {
        "node": ">=12"
      }
    },
    "node_modules/@esbuild/linux-arm": {
      "version": "0.21.3",
      "resolved": "https://registry.npmmirror.com/@esbuild/linux-arm/-/linux-arm-0.21.3.tgz",
      "integrity": "sha512-f6kz2QpSuyHHg01cDawj0vkyMwuIvN62UAguQfnNVzbge2uWLhA7TCXOn83DT0ZvyJmBI943MItgTovUob36SQ==",
      "cpu": [
        "arm"
      ],
      "dev": true,
      "optional": true,
      "os": [
        "linux"
      ],
      "engines": {
        "node": ">=12"
      }
    },
    "node_modules/@esbuild/linux-arm64": {
      "version": "0.21.3",
      "resolved": "https://registry.npmmirror.com/@esbuild/linux-arm64/-/linux-arm64-0.21.3.tgz",
      "integrity": "sha512-vvG6R5g5ieB4eCJBQevyDMb31LMHthLpXTc2IGkFnPWS/GzIFDnaYFp558O+XybTmYrVjxnryru7QRleJvmZ6Q==",
      "cpu": [
        "arm64"
      ],
      "dev": true,
      "optional": true,
      "os": [
        "linux"
      ],
      "engines": {
        "node": ">=12"
      }
    },
    "node_modules/@esbuild/linux-ia32": {
      "version": "0.21.3",
      "resolved": "https://registry.npmmirror.com/@esbuild/linux-ia32/-/linux-ia32-0.21.3.tgz",
      "integrity": "sha512-HjCWhH7K96Na+66TacDLJmOI9R8iDWDDiqe17C7znGvvE4sW1ECt9ly0AJ3dJH62jHyVqW9xpxZEU1jKdt+29A==",
      "cpu": [
        "ia32"
      ],
      "dev": true,
      "optional": true,
      "os": [
        "linux"
      ],
      "engines": {
        "node": ">=12"
      }
    },
    "node_modules/@esbuild/linux-loong64": {
      "version": "0.21.3",
      "resolved": "https://registry.npmmirror.com/@esbuild/linux-loong64/-/linux-loong64-0.21.3.tgz",
      "integrity": "sha512-BGpimEccmHBZRcAhdlRIxMp7x9PyJxUtj7apL2IuoG9VxvU/l/v1z015nFs7Si7tXUwEsvjc1rOJdZCn4QTU+Q==",
      "cpu": [
        "loong64"
      ],
      "dev": true,
      "optional": true,
      "os": [
        "linux"
      ],
      "engines": {
        "node": ">=12"
      }
    },
    "node_modules/@esbuild/linux-mips64el": {
      "version": "0.21.3",
      "resolved": "https://registry.npmmirror.com/@esbuild/linux-mips64el/-/linux-mips64el-0.21.3.tgz",
      "integrity": "sha512-5rMOWkp7FQGtAH3QJddP4w3s47iT20hwftqdm7b+loe95o8JU8ro3qZbhgMRy0VuFU0DizymF1pBKkn3YHWtsw==",
      "cpu": [
        "mips64el"
      ],
      "dev": true,
      "optional": true,
      "os": [
        "linux"
      ],
      "engines": {
        "node": ">=12"
      }
    },
    "node_modules/@esbuild/linux-ppc64": {
      "version": "0.21.3",
      "resolved": "https://registry.npmmirror.com/@esbuild/linux-ppc64/-/linux-ppc64-0.21.3.tgz",
      "integrity": "sha512-h0zj1ldel89V5sjPLo5H1SyMzp4VrgN1tPkN29TmjvO1/r0MuMRwJxL8QY05SmfsZRs6TF0c/IDH3u7XYYmbAg==",
      "cpu": [
        "ppc64"
      ],
      "dev": true,
      "optional": true,
      "os": [
        "linux"
      ],
      "engines": {
        "node": ">=12"
      }
    },
    "node_modules/@esbuild/linux-riscv64": {
      "version": "0.21.3",
      "resolved": "https://registry.npmmirror.com/@esbuild/linux-riscv64/-/linux-riscv64-0.21.3.tgz",
      "integrity": "sha512-dkAKcTsTJ+CRX6bnO17qDJbLoW37npd5gSNtSzjYQr0svghLJYGYB0NF1SNcU1vDcjXLYS5pO4qOW4YbFama4A==",
      "cpu": [
        "riscv64"
      ],
      "dev": true,
      "optional": true,
      "os": [
        "linux"
      ],
      "engines": {
        "node": ">=12"
      }
    },
    "node_modules/@esbuild/linux-s390x": {
      "version": "0.21.3",
      "resolved": "https://registry.npmmirror.com/@esbuild/linux-s390x/-/linux-s390x-0.21.3.tgz",
      "integrity": "sha512-vnD1YUkovEdnZWEuMmy2X2JmzsHQqPpZElXx6dxENcIwTu+Cu5ERax6+Ke1QsE814Zf3c6rxCfwQdCTQ7tPuXA==",
      "cpu": [
        "s390x"
      ],
      "dev": true,
      "optional": true,
      "os": [
        "linux"
      ],
      "engines": {
        "node": ">=12"
      }
    },
    "node_modules/@esbuild/linux-x64": {
      "version": "0.21.3",
      "resolved": "https://registry.npmmirror.com/@esbuild/linux-x64/-/linux-x64-0.21.3.tgz",
      "integrity": "sha512-IOXOIm9WaK7plL2gMhsWJd+l2bfrhfilv0uPTptoRoSb2p09RghhQQp9YY6ZJhk/kqmeRt6siRdMSLLwzuT0KQ==",
      "cpu": [
        "x64"
      ],
      "dev": true,
      "optional": true,
      "os": [
        "linux"
      ],
      "engines": {
        "node": ">=12"
      }
    },
    "node_modules/@esbuild/netbsd-x64": {
      "version": "0.21.3",
      "resolved": "https://registry.npmmirror.com/@esbuild/netbsd-x64/-/netbsd-x64-0.21.3.tgz",
      "integrity": "sha512-uTgCwsvQ5+vCQnqM//EfDSuomo2LhdWhFPS8VL8xKf+PKTCrcT/2kPPoWMTs22aB63MLdGMJiE3f1PHvCDmUOw==",
      "cpu": [
        "x64"
      ],
      "dev": true,
      "optional": true,
      "os": [
        "netbsd"
      ],
      "engines": {
        "node": ">=12"
      }
    },
    "node_modules/@esbuild/openbsd-x64": {
      "version": "0.21.3",
      "resolved": "https://registry.npmmirror.com/@esbuild/openbsd-x64/-/openbsd-x64-0.21.3.tgz",
      "integrity": "sha512-vNAkR17Ub2MgEud2Wag/OE4HTSI6zlb291UYzHez/psiKarp0J8PKGDnAhMBcHFoOHMXHfExzmjMojJNbAStrQ==",
      "cpu": [
        "x64"
      ],
      "dev": true,
      "optional": true,
      "os": [
        "openbsd"
      ],
      "engines": {
        "node": ">=12"
      }
    },
    "node_modules/@esbuild/sunos-x64": {
      "version": "0.21.3",
      "resolved": "https://registry.npmmirror.com/@esbuild/sunos-x64/-/sunos-x64-0.21.3.tgz",
      "integrity": "sha512-W8H9jlGiSBomkgmouaRoTXo49j4w4Kfbl6I1bIdO/vT0+0u4f20ko3ELzV3hPI6XV6JNBVX+8BC+ajHkvffIJA==",
      "cpu": [
        "x64"
      ],
      "dev": true,
      "optional": true,
      "os": [
        "sunos"
      ],
      "engines": {
        "node": ">=12"
      }
    },
    "node_modules/@esbuild/win32-arm64": {
      "version": "0.21.3",
      "resolved": "https://registry.npmmirror.com/@esbuild/win32-arm64/-/win32-arm64-0.21.3.tgz",
      "integrity": "sha512-EjEomwyLSCg8Ag3LDILIqYCZAq/y3diJ04PnqGRgq8/4O3VNlXyMd54j/saShaN4h5o5mivOjAzmU6C3X4v0xw==",
      "cpu": [
        "arm64"
      ],
      "dev": true,
      "optional": true,
      "os": [
        "win32"
      ],
      "engines": {
        "node": ">=12"
      }
    },
    "node_modules/@esbuild/win32-ia32": {
      "version": "0.21.3",
      "resolved": "https://registry.npmmirror.com/@esbuild/win32-ia32/-/win32-ia32-0.21.3.tgz",
      "integrity": "sha512-WGiE/GgbsEwR33++5rzjiYsKyHywE8QSZPF7Rfx9EBfK3Qn3xyR6IjyCr5Uk38Kg8fG4/2phN7sXp4NPWd3fcw==",
      "cpu": [
        "ia32"
      ],
      "dev": true,
      "optional": true,
      "os": [
        "win32"
      ],
      "engines": {
        "node": ">=12"
      }
    },
    "node_modules/@esbuild/win32-x64": {
      "version": "0.21.3",
      "resolved": "https://registry.npmmirror.com/@esbuild/win32-x64/-/win32-x64-0.21.3.tgz",
      "integrity": "sha512-xRxC0jaJWDLYvcUvjQmHCJSfMrgmUuvsoXgDeU/wTorQ1ngDdUBuFtgY3W1Pc5sprGAvZBtWdJX7RPg/iZZUqA==",
      "cpu": [
        "x64"
      ],
      "dev": true,
      "optional": true,
      "os": [
        "win32"
      ],
      "engines": {
        "node": ">=12"
      }
    },
    "node_modules/@tweenjs/tween.js": {
      "version": "23.1.3",
      "resolved": "https://registry.npmmirror.com/@tweenjs/tween.js/-/tween.js-23.1.3.tgz",
      "integrity": "sha512-vJmvvwFxYuGnF2axRtPYocag6Clbb5YS7kLL+SO/TeVFzHqDIWrNKYtcsPMibjDx9O+bu+psAy9NKfWklassUA==",
      "dev": true
    },
    "node_modules/@types/node": {
      "version": "20.14.12",
      "resolved": "https://registry.npmmirror.com/@types/node/-/node-20.14.12.tgz",
      "integrity": "sha512-r7wNXakLeSsGT0H1AU863vS2wa5wBOK4bWMjZz2wj+8nBx+m5PeIn0k8AloSLpRuiwdRQZwarZqHE4FNArPuJQ==",
      "dev": true,
      "dependencies": {
        "undici-types": "~5.26.4"
      }
    },
    "node_modules/@types/stats.js": {
      "version": "0.17.3",
      "resolved": "https://registry.npmmirror.com/@types/stats.js/-/stats.js-0.17.3.tgz",
      "integrity": "sha512-pXNfAD3KHOdif9EQXZ9deK82HVNaXP5ZIF5RP2QG6OQFNTaY2YIetfrE9t528vEreGQvEPRDDc8muaoYeK0SxQ==",
      "dev": true
    },
    "node_modules/@types/three": {
      "version": "0.164.1",
      "resolved": "https://registry.npmmirror.com/@types/three/-/three-0.164.1.tgz",
      "integrity": "sha512-dR/trWDhyaNqJV38rl1TonlCA9DpnX7OPYDWD81bmBGn/+uEc3+zNalFxQcV4FlPTeDBhCY3SFWKvK6EJwL88g==",
      "dev": true,
      "dependencies": {
        "@tweenjs/tween.js": "~23.1.1",
        "@types/stats.js": "*",
        "@types/webxr": "*",
        "fflate": "~0.8.2",
        "meshoptimizer": "~0.18.1"
      }
    },
    "node_modules/@types/webxr": {
      "version": "0.5.19",
      "resolved": "https://registry.npmmirror.com/@types/webxr/-/webxr-0.5.19.tgz",
      "integrity": "sha512-4hxA+NwohSgImdTSlPXEqDqqFktNgmTXQ05ff1uWam05tNGroCMp4G+4XVl6qWm1p7GQ/9oD41kAYsSssF6Mzw==",
      "dev": true
    },
    "node_modules/complex.js": {
      "version": "2.1.1",
      "resolved": "https://registry.npmmirror.com/complex.js/-/complex.js-2.1.1.tgz",
      "integrity": "sha512-8njCHOTtFFLtegk6zQo0kkVX1rngygb/KQI6z1qZxlFI3scluC+LVTCFbrkWjBv4vvLlbQ9t88IPMC6k95VTTg==",
      "engines": {
        "node": "*"
      },
      "funding": {
        "type": "patreon",
        "url": "https://www.patreon.com/infusion"
      }
    },
    "node_modules/decimal.js": {
      "version": "10.4.3",
      "resolved": "https://registry.npmmirror.com/decimal.js/-/decimal.js-10.4.3.tgz",
      "integrity": "sha512-VBBaLc1MgL5XpzgIP7ny5Z6Nx3UrRkIViUkPUdtl9aya5amy3De1gsUUSB1g3+3sExYNjCAsAznmukyxCb1GRA=="
    },
    "node_modules/esbuild": {
      "version": "0.21.3",
      "resolved": "https://registry.npmmirror.com/esbuild/-/esbuild-0.21.3.tgz",
      "integrity": "sha512-Kgq0/ZsAPzKrbOjCQcjoSmPoWhlcVnGAUo7jvaLHoxW1Drto0KGkR1xBNg2Cp43b9ImvxmPEJZ9xkfcnqPsfBw==",
      "dev": true,
      "hasInstallScript": true,
      "bin": {
        "esbuild": "bin/esbuild"
      },
      "engines": {
        "node": ">=12"
      },
      "optionalDependencies": {
        "@esbuild/aix-ppc64": "0.21.3",
        "@esbuild/android-arm": "0.21.3",
        "@esbuild/android-arm64": "0.21.3",
        "@esbuild/android-x64": "0.21.3",
        "@esbuild/darwin-arm64": "0.21.3",
        "@esbuild/darwin-x64": "0.21.3",
        "@esbuild/freebsd-arm64": "0.21.3",
        "@esbuild/freebsd-x64": "0.21.3",
        "@esbuild/linux-arm": "0.21.3",
        "@esbuild/linux-arm64": "0.21.3",
        "@esbuild/linux-ia32": "0.21.3",
        "@esbuild/linux-loong64": "0.21.3",
        "@esbuild/linux-mips64el": "0.21.3",
        "@esbuild/linux-ppc64": "0.21.3",
        "@esbuild/linux-riscv64": "0.21.3",
        "@esbuild/linux-s390x": "0.21.3",
        "@esbuild/linux-x64": "0.21.3",
        "@esbuild/netbsd-x64": "0.21.3",
        "@esbuild/openbsd-x64": "0.21.3",
        "@esbuild/sunos-x64": "0.21.3",
        "@esbuild/win32-arm64": "0.21.3",
        "@esbuild/win32-ia32": "0.21.3",
        "@esbuild/win32-x64": "0.21.3"
      }
    },
    "node_modules/escape-latex": {
      "version": "1.2.0",
      "resolved": "https://registry.npmmirror.com/escape-latex/-/escape-latex-1.2.0.tgz",
      "integrity": "sha512-nV5aVWW1K0wEiUIEdZ4erkGGH8mDxGyxSeqPzRNtWP7ataw+/olFObw7hujFWlVjNsaDFw5VZ5NzVSIqRgfTiw=="
    },
    "node_modules/fflate": {
      "version": "0.8.2",
      "resolved": "https://registry.npmmirror.com/fflate/-/fflate-0.8.2.tgz",
      "integrity": "sha512-cPJU47OaAoCbg0pBvzsgpTPhmhqI5eJjh/JIu8tPj5q+T7iLvW/JAYUqmE7KOB4R1ZyEhzBaIQpQpardBF5z8A==",
      "dev": true
    },
    "node_modules/fraction.js": {
      "version": "4.3.4",
      "resolved": "https://registry.npmmirror.com/fraction.js/-/fraction.js-4.3.4.tgz",
      "integrity": "sha512-pwiTgt0Q7t+GHZA4yaLjObx4vXmmdcS0iSJ19o8d/goUGgItX9UZWKWNnLHehxviD8wU2IWRsnR8cD5+yOJP2Q==",
      "engines": {
        "node": "*"
      },
      "funding": {
        "type": "patreon",
        "url": "https://github.com/sponsors/rawify"
      }
    },
    "node_modules/javascript-natural-sort": {
      "version": "0.7.1",
      "resolved": "https://registry.npmmirror.com/javascript-natural-sort/-/javascript-natural-sort-0.7.1.tgz",
      "integrity": "sha512-nO6jcEfZWQXDhOiBtG2KvKyEptz7RVbpGP4vTD2hLBdmNQSsCiicO2Ioinv6UI4y9ukqnBpy+XZ9H6uLNgJTlw=="
    },
    "node_modules/mathjs": {
      "version": "12.4.3",
      "resolved": "https://registry.npmmirror.com/mathjs/-/mathjs-12.4.3.tgz",
      "integrity": "sha512-oHdGPDbp7gO873xxG90RLq36IuicuKvbpr/bBG5g9c8Obm/VsKVrK9uoRZZHUodohzlnmCEqfDzbR3LH6m+aAQ==",
      "dependencies": {
        "@babel/runtime": "^7.24.4",
        "complex.js": "^2.1.1",
        "decimal.js": "^10.4.3",
        "escape-latex": "^1.2.0",
        "fraction.js": "4.3.4",
        "javascript-natural-sort": "^0.7.1",
        "seedrandom": "^3.0.5",
        "tiny-emitter": "^2.1.0",
        "typed-function": "^4.1.1"
      },
      "bin": {
        "mathjs": "bin/cli.js"
      },
      "engines": {
        "node": ">= 18"
      }
    },
    "node_modules/meshoptimizer": {
      "version": "0.18.1",
      "resolved": "https://registry.npmmirror.com/meshoptimizer/-/meshoptimizer-0.18.1.tgz",
      "integrity": "sha512-ZhoIoL7TNV4s5B6+rx5mC//fw8/POGyNxS/DZyCJeiZ12ScLfVwRE/GfsxwiTkMYYD5DmK2/JXnEVXqL4rF+Sw==",
      "dev": true
    },
    "node_modules/regenerator-runtime": {
      "version": "0.14.1",
      "resolved": "https://registry.npmmirror.com/regenerator-runtime/-/regenerator-runtime-0.14.1.tgz",
      "integrity": "sha512-dYnhHh0nJoMfnkZs6GmmhFknAGRrLznOu5nc9ML+EJxGvrx6H7teuevqVqCuPcPK//3eDrrjQhehXVx9cnkGdw=="
    },
    "node_modules/seedrandom": {
      "version": "3.0.5",
      "resolved": "https://registry.npmmirror.com/seedrandom/-/seedrandom-3.0.5.tgz",
      "integrity": "sha512-8OwmbklUNzwezjGInmZ+2clQmExQPvomqjL7LFqOYqtmuxRgQYqOD3mHaU+MvZn5FLUeVxVfQjwLZW/n/JFuqg=="
    },
    "node_modules/three": {
      "version": "0.164.1",
      "resolved": "https://registry.npmmirror.com/three/-/three-0.164.1.tgz",
      "integrity": "sha512-iC/hUBbl1vzFny7f5GtqzVXYjMJKaTPxiCxXfrvVdBi1Sf+jhd1CAkitiFwC7mIBFCo3MrDLJG97yisoaWig0w=="
    },
    "node_modules/tiny-emitter": {
      "version": "2.1.0",
      "resolved": "https://registry.npmmirror.com/tiny-emitter/-/tiny-emitter-2.1.0.tgz",
      "integrity": "sha512-NB6Dk1A9xgQPMoGqC5CVXn123gWyte215ONT5Pp5a0yt4nlEoO1ZWeCwpncaekPHXO60i47ihFnZPiRPjRMq4Q=="
    },
    "node_modules/typed-function": {
      "version": "4.2.1",
      "resolved": "https://registry.npmmirror.com/typed-function/-/typed-function-4.2.1.tgz",
      "integrity": "sha512-EGjWssW7Tsk4DGfE+5yluuljS1OGYWiI1J6e8puZz9nTMM51Oug8CD5Zo4gWMsOhq5BI+1bF+rWTm4Vbj3ivRA==",
      "engines": {
        "node": ">= 18"
      }
    },
    "node_modules/undici-types": {
      "version": "5.26.5",
      "resolved": "https://registry.npmmirror.com/undici-types/-/undici-types-5.26.5.tgz",
      "integrity": "sha512-JlCMO+ehdEIKqlFxk6IfVoAUVmgz7cU7zD/h9XZ0qzeosSHmUJVOzSQvvYSYWXkFXC+IfLKSIffhv0sVZup6pA==",
      "dev": true
    }
  }
}
